
Microsoft Visual Studio Solution File, Format Version 12.00
# Visual Studio 2012
Project("{FAE04EC0-301F-11D3-BF4B-00C04F79EFBC}") = "Jufine.Backend.BaseData.WebUI", "Jufine.Backend.BaseData.WebUI.csproj", "{BAFB5BA8-2CF8-4046-AB93-8FD30D7048C4}"
EndProject
Project("{2150E333-8FDC-42A3-9474-1A3956D46DE8}") = "BaseData", "BaseData", "{9EDA5F1A-F3B8-4388-AADF-DE5D06E0F3D7}"
EndProject
Project("{FAE04EC0-301F-11D3-BF4B-00C04F79EFBC}") = "Jufine.Backend.BaseData.Contract", "..\Jufine.Backend.BaseData.Contract\Jufine.Backend.BaseData.Contract.csproj", "{D6A8EC0D-A592-4BB8-8A71-27637A5F50A6}"
EndProject
Project("{FAE04EC0-301F-11D3-BF4B-00C04F79EFBC}") = "Jufine.Backend.BaseData.ServiceImplement", "..\Jufine.Backend.BaseData.ServiceImplement\Jufine.Backend.BaseData.ServiceImplement.csproj", "{7BB419A3-4CEA-4B66-8BE2-031EF6C6454C}"
EndProject
Project("{2150E333-8FDC-42A3-9474-1A3956D46DE8}") = "BaseLib", "BaseLib", "{34143E6F-73BB-4EA4-AD37-F725D96FA9B0}"
EndProject
Project("{FAE04EC0-301F-11D3-BF4B-00C04F79EFBC}") = "Com.BaseLibrary.Caching", "..\..\..\BaseLibrary\Com.BaseLibrary.Caching\Com.BaseLibrary.Caching.csproj", "{56D0C66C-5BB8-48F8-AA51-61B09F1AAFF1}"
EndProject
Project("{FAE04EC0-301F-11D3-BF4B-00C04F79EFBC}") = "Com.BaseLibrary.Common", "..\..\..\BaseLibrary\Com.BaseLibrary.Common\Com.BaseLibrary.Common.csproj", "{F91D3D96-58F0-4CE6-9D7D-AD65805E3B97}"
EndProject
Project("{FAE04EC0-301F-11D3-BF4B-00C04F79EFBC}") = "Com.BaseLibrary.DataAccess", "..\..\..\BaseLibrary\Com.BaseLibrary.Data\Com.BaseLibrary.DataAccess.csproj", "{C0605531-E304-43AB-820C-C282A1748A27}"
EndProject
Project("{FAE04EC0-301F-11D3-BF4B-00C04F79EFBC}") = "Com.BaseLibrary.Payment", "..\..\..\BaseLibrary\Com.BaseLibrary.Payment\Com.BaseLibrary.Payment.csproj", "{FA2987F5-0C9E-4369-8F06-2E9A36ADBC81}"
EndProject
Project("{FAE04EC0-301F-11D3-BF4B-00C04F79EFBC}") = "Com.BaseLibrary.Service", "..\..\..\BaseLibrary\Com.BaseLibrary.Service\Com.BaseLibrary.Service.csproj", "{D5AE48B5-DEDE-4916-9642-9E3533C877AE}"
EndProject
Project("{FAE04EC0-301F-11D3-BF4B-00C04F79EFBC}") = "Com.BaseLibrary.Session", "..\..\..\BaseLibrary\Com.BaseLibrary.Session\Com.BaseLibrary.Session.csproj", "{9FD6D6CA-63FD-4B71-A288-96BAF620A791}"
EndProject
Project("{FAE04EC0-301F-11D3-BF4B-00C04F79EFBC}") = "Com.BaseLibrary.Web", "..\..\..\BaseLibrary\Com.BaseLibrary.Web\Com.BaseLibrary.Web.csproj", "{F20620BD-CD1F-4A7C-99A9-6D3D4B0A1A53}"
EndProject
Project("{FAE04EC0-301F-11D3-BF4B-00C04F79EFBC}") = "Jufine.Backend.WebModel", "..\..\..\Jufine.Backend.WebModel\Jufine.Backend.WebModel.csproj", "{4A972F3B-9381-4ADF-9008-C0D0D62D4DFA}"
EndProject
Global
	GlobalSection(TeamFoundationVersionControl) = preSolution
		SccNumberOfProjects = 11
		SccEnterpriseProvider = {4CA58AB2-18FA-4F8D-95D4-32DDF27D184C}
		SccTeamFoundationServer = https://deanzhou.visualstudio.com/defaultcollection
		SccProjectUniqueName0 = Jufine.Backend.BaseData.WebUI.csproj
		SccProjectTopLevelParentUniqueName0 = Jufine.Backend.BaseData.WebUI.sln
		SccProjectName0 = .
		SccAuxPath0 = https://deanzhou.visualstudio.com/defaultcollection
		SccLocalPath0 = .
		SccProvider0 = {4CA58AB2-18FA-4F8D-95D4-32DDF27D184C}
		SccProjectUniqueName1 = ..\\Jufine.Backend.BaseData.Contract\\Jufine.Backend.BaseData.Contract.csproj
		SccProjectTopLevelParentUniqueName1 = Jufine.Backend.BaseData.WebUI.sln
		SccProjectName1 = ../Jufine.Backend.BaseData.Contract
		SccAuxPath1 = https://deanzhou.visualstudio.com/defaultcollection
		SccLocalPath1 = ..\\Jufine.Backend.BaseData.Contract
		SccProvider1 = {4CA58AB2-18FA-4F8D-95D4-32DDF27D184C}
		SccProjectUniqueName2 = ..\\Jufine.Backend.BaseData.ServiceImplement\\Jufine.Backend.BaseData.ServiceImplement.csproj
		SccProjectTopLevelParentUniqueName2 = Jufine.Backend.BaseData.WebUI.sln
		SccProjectName2 = ../Jufine.Backend.BaseData.ServiceImplement
		SccAuxPath2 = https://deanzhou.visualstudio.com/defaultcollection
		SccLocalPath2 = ..\\Jufine.Backend.BaseData.ServiceImplement
		SccProvider2 = {4CA58AB2-18FA-4F8D-95D4-32DDF27D184C}
		SccProjectUniqueName3 = ..\\..\\..\\BaseLibrary\\Com.BaseLibrary.Caching\\Com.BaseLibrary.Caching.csproj
		SccProjectTopLevelParentUniqueName3 = Jufine.Backend.BaseData.WebUI.sln
		SccProjectName3 = ../../../BaseLibrary/Com.BaseLibrary.Caching
		SccAuxPath3 = https://deanzhou.visualstudio.com/defaultcollection
		SccLocalPath3 = ..\\..\\..\\BaseLibrary\\Com.BaseLibrary.Caching
		SccProvider3 = {4CA58AB2-18FA-4F8D-95D4-32DDF27D184C}
		SccProjectUniqueName4 = ..\\..\\..\\BaseLibrary\\Com.BaseLibrary.Common\\Com.BaseLibrary.Common.csproj
		SccProjectTopLevelParentUniqueName4 = Jufine.Backend.BaseData.WebUI.sln
		SccProjectName4 = ../../../BaseLibrary/Com.BaseLibrary.Common
		SccAuxPath4 = https://deanzhou.visualstudio.com/defaultcollection
		SccLocalPath4 = ..\\..\\..\\BaseLibrary\\Com.BaseLibrary.Common
		SccProvider4 = {4CA58AB2-18FA-4F8D-95D4-32DDF27D184C}
		SccProjectUniqueName5 = ..\\..\\..\\BaseLibrary\\Com.BaseLibrary.Data\\Com.BaseLibrary.DataAccess.csproj
		SccProjectTopLevelParentUniqueName5 = Jufine.Backend.BaseData.WebUI.sln
		SccProjectName5 = ../../../BaseLibrary/Com.BaseLibrary.Data
		SccAuxPath5 = https://deanzhou.visualstudio.com/defaultcollection
		SccLocalPath5 = ..\\..\\..\\BaseLibrary\\Com.BaseLibrary.Data
		SccProvider5 = {4CA58AB2-18FA-4F8D-95D4-32DDF27D184C}
		SccProjectUniqueName6 = ..\\..\\..\\BaseLibrary\\Com.BaseLibrary.Payment\\Com.BaseLibrary.Payment.csproj
		SccProjectTopLevelParentUniqueName6 = Jufine.Backend.BaseData.WebUI.sln
		SccProjectName6 = ../../../BaseLibrary/Com.BaseLibrary.Payment
		SccAuxPath6 = https://deanzhou.visualstudio.com/defaultcollection
		SccLocalPath6 = ..\\..\\..\\BaseLibrary\\Com.BaseLibrary.Payment
		SccProvider6 = {4CA58AB2-18FA-4F8D-95D4-32DDF27D184C}
		SccProjectUniqueName7 = ..\\..\\..\\BaseLibrary\\Com.BaseLibrary.Service\\Com.BaseLibrary.Service.csproj
		SccProjectTopLevelParentUniqueName7 = Jufine.Backend.BaseData.WebUI.sln
		SccProjectName7 = ../../../BaseLibrary/Com.BaseLibrary.Service
		SccAuxPath7 = https://deanzhou.visualstudio.com/defaultcollection
		SccLocalPath7 = ..\\..\\..\\BaseLibrary\\Com.BaseLibrary.Service
		SccProvider7 = {4CA58AB2-18FA-4F8D-95D4-32DDF27D184C}
		SccProjectUniqueName8 = ..\\..\\..\\BaseLibrary\\Com.BaseLibrary.Session\\Com.BaseLibrary.Session.csproj
		SccProjectTopLevelParentUniqueName8 = Jufine.Backend.BaseData.WebUI.sln
		SccProjectName8 = ../../../BaseLibrary/Com.BaseLibrary.Session
		SccAuxPath8 = https://deanzhou.visualstudio.com/defaultcollection
		SccLocalPath8 = ..\\..\\..\\BaseLibrary\\Com.BaseLibrary.Session
		SccProvider8 = {4CA58AB2-18FA-4F8D-95D4-32DDF27D184C}
		SccProjectUniqueName9 = ..\\..\\..\\BaseLibrary\\Com.BaseLibrary.Web\\Com.BaseLibrary.Web.csproj
		SccProjectTopLevelParentUniqueName9 = Jufine.Backend.BaseData.WebUI.sln
		SccProjectName9 = ../../../BaseLibrary/Com.BaseLibrary.Web
		SccAuxPath9 = https://deanzhou.visualstudio.com/defaultcollection
		SccLocalPath9 = ..\\..\\..\\BaseLibrary\\Com.BaseLibrary.Web
		SccProvider9 = {4CA58AB2-18FA-4F8D-95D4-32DDF27D184C}
		SccProjectUniqueName10 = ..\\..\\..\\Jufine.Backend.WebModel\\Jufine.Backend.WebModel.csproj
		SccProjectName10 = ../../../Jufine.Backend.WebModel
		SccAuxPath10 = https://deanzhou.visualstudio.com/defaultcollection
		SccLocalPath10 = ..\\..\\..\\Jufine.Backend.WebModel
		SccProvider10 = {4CA58AB2-18FA-4F8D-95D4-32DDF27D184C}
	EndGlobalSection
	GlobalSection(SolutionConfigurationPlatforms) = preSolution
		Debug|Any CPU = Debug|Any CPU
		Release|Any CPU = Release|Any CPU
	EndGlobalSection
	GlobalSection(ProjectConfigurationPlatforms) = postSolution
		{BAFB5BA8-2CF8-4046-AB93-8FD30D7048C4}.Debug|Any CPU.ActiveCfg = Debug|Any CPU
		{BAFB5BA8-2CF8-4046-AB93-8FD30D7048C4}.Debug|Any CPU.Build.0 = Debug|Any CPU
		{BAFB5BA8-2CF8-4046-AB93-8FD30D7048C4}.Release|Any CPU.ActiveCfg = Release|Any CPU
		{BAFB5BA8-2CF8-4046-AB93-8FD30D7048C4}.Release|Any CPU.Build.0 = Release|Any CPU
		{D6A8EC0D-A592-4BB8-8A71-27637A5F50A6}.Debug|Any CPU.ActiveCfg = Debug|Any CPU
		{D6A8EC0D-A592-4BB8-8A71-27637A5F50A6}.Debug|Any CPU.Build.0 = Debug|Any CPU
		{D6A8EC0D-A592-4BB8-8A71-27637A5F50A6}.Release|Any CPU.ActiveCfg = Release|Any CPU
		{D6A8EC0D-A592-4BB8-8A71-27637A5F50A6}.Release|Any CPU.Build.0 = Release|Any CPU
		{7BB419A3-4CEA-4B66-8BE2-031EF6C6454C}.Debug|Any CPU.ActiveCfg = Debug|Any CPU
		{7BB419A3-4CEA-4B66-8BE2-031EF6C6454C}.Debug|Any CPU.Build.0 = Debug|Any CPU
		{7BB419A3-4CEA-4B66-8BE2-031EF6C6454C}.Release|Any CPU.ActiveCfg = Release|Any CPU
		{7BB419A3-4CEA-4B66-8BE2-031EF6C6454C}.Release|Any CPU.Build.0 = Release|Any CPU
		{56D0C66C-5BB8-48F8-AA51-61B09F1AAFF1}.Debug|Any CPU.ActiveCfg = Debug|Any CPU
		{56D0C66C-5BB8-48F8-AA51-61B09F1AAFF1}.Debug|Any CPU.Build.0 = Debug|Any CPU
		{56D0C66C-5BB8-48F8-AA51-61B09F1AAFF1}.Release|Any CPU.ActiveCfg = Release|Any CPU
		{56D0C66C-5BB8-48F8-AA51-61B09F1AAFF1}.Release|Any CPU.Build.0 = Release|Any CPU
		{F91D3D96-58F0-4CE6-9D7D-AD65805E3B97}.Debug|Any CPU.ActiveCfg = Debug|Any CPU
		{F91D3D96-58F0-4CE6-9D7D-AD65805E3B97}.Debug|Any CPU.Build.0 = Debug|Any CPU
		{F91D3D96-58F0-4CE6-9D7D-AD65805E3B97}.Release|Any CPU.ActiveCfg = Release|Any CPU
		{F91D3D96-58F0-4CE6-9D7D-AD65805E3B97}.Release|Any CPU.Build.0 = Release|Any CPU
		{C0605531-E304-43AB-820C-C282A1748A27}.Debug|Any CPU.ActiveCfg = Debug|Any CPU
		{C0605531-E304-43AB-820C-C282A1748A27}.Debug|Any CPU.Build.0 = Debug|Any CPU
		{C0605531-E304-43AB-820C-C282A1748A27}.Release|Any CPU.ActiveCfg = Release|Any CPU
		{C0605531-E304-43AB-820C-C282A1748A27}.Release|Any CPU.Build.0 = Release|Any CPU
		{FA2987F5-0C9E-4369-8F06-2E9A36ADBC81}.Debug|Any CPU.ActiveCfg = Debug|Any CPU
		{FA2987F5-0C9E-4369-8F06-2E9A36ADBC81}.Debug|Any CPU.Build.0 = Debug|Any CPU
		{FA2987F5-0C9E-4369-8F06-2E9A36ADBC81}.Release|Any CPU.ActiveCfg = Release|Any CPU
		{FA2987F5-0C9E-4369-8F06-2E9A36ADBC81}.Release|Any CPU.Build.0 = Release|Any CPU
		{D5AE48B5-DEDE-4916-9642-9E3533C877AE}.Debug|Any CPU.ActiveCfg = Debug|Any CPU
		{D5AE48B5-DEDE-4916-9642-9E3533C877AE}.Debug|Any CPU.Build.0 = Debug|Any CPU
		{D5AE48B5-DEDE-4916-9642-9E3533C877AE}.Release|Any CPU.ActiveCfg = Release|Any CPU
		{D5AE48B5-DEDE-4916-9642-9E3533C877AE}.Release|Any CPU.Build.0 = Release|Any CPU
		{9FD6D6CA-63FD-4B71-A288-96BAF620A791}.Debug|Any CPU.ActiveCfg = Debug|Any CPU
		{9FD6D6CA-63FD-4B71-A288-96BAF620A791}.Debug|Any CPU.Build.0 = Debug|Any CPU
		{9FD6D6CA-63FD-4B71-A288-96BAF620A791}.Release|Any CPU.ActiveCfg = Release|Any CPU
		{9FD6D6CA-63FD-4B71-A288-96BAF620A791}.Release|Any CPU.Build.0 = Release|Any CPU
		{F20620BD-CD1F-4A7C-99A9-6D3D4B0A1A53}.Debug|Any CPU.ActiveCfg = Debug|Any CPU
		{F20620BD-CD1F-4A7C-99A9-6D3D4B0A1A53}.Debug|Any CPU.Build.0 = Debug|Any CPU
		{F20620BD-CD1F-4A7C-99A9-6D3D4B0A1A53}.Release|Any CPU.ActiveCfg = Release|Any CPU
		{F20620BD-CD1F-4A7C-99A9-6D3D4B0A1A53}.Release|Any CPU.Build.0 = Release|Any CPU
		{4A972F3B-9381-4ADF-9008-C0D0D62D4DFA}.Debug|Any CPU.ActiveCfg = Debug|Any CPU
		{4A972F3B-9381-4ADF-9008-C0D0D62D4DFA}.Debug|Any CPU.Build.0 = Debug|Any CPU
		{4A972F3B-9381-4ADF-9008-C0D0D62D4DFA}.Release|Any CPU.ActiveCfg = Release|Any CPU
		{4A972F3B-9381-4ADF-9008-C0D0D62D4DFA}.Release|Any CPU.Build.0 = Release|Any CPU
	EndGlobalSection
	GlobalSection(SolutionProperties) = preSolution
		HideSolutionNode = FALSE
	EndGlobalSection
	GlobalSection(NestedProjects) = preSolution
		{BAFB5BA8-2CF8-4046-AB93-8FD30D7048C4} = {9EDA5F1A-F3B8-4388-AADF-DE5D06E0F3D7}
		{D6A8EC0D-A592-4BB8-8A71-27637A5F50A6} = {9EDA5F1A-F3B8-4388-AADF-DE5D06E0F3D7}
		{7BB419A3-4CEA-4B66-8BE2-031EF6C6454C} = {9EDA5F1A-F3B8-4388-AADF-DE5D06E0F3D7}
		{56D0C66C-5BB8-48F8-AA51-61B09F1AAFF1} = {34143E6F-73BB-4EA4-AD37-F725D96FA9B0}
		{F91D3D96-58F0-4CE6-9D7D-AD65805E3B97} = {34143E6F-73BB-4EA4-AD37-F725D96FA9B0}
		{C0605531-E304-43AB-820C-C282A1748A27} = {34143E6F-73BB-4EA4-AD37-F725D96FA9B0}
		{FA2987F5-0C9E-4369-8F06-2E9A36ADBC81} = {34143E6F-73BB-4EA4-AD37-F725D96FA9B0}
		{D5AE48B5-DEDE-4916-9642-9E3533C877AE} = {34143E6F-73BB-4EA4-AD37-F725D96FA9B0}
		{9FD6D6CA-63FD-4B71-A288-96BAF620A791} = {34143E6F-73BB-4EA4-AD37-F725D96FA9B0}
		{F20620BD-CD1F-4A7C-99A9-6D3D4B0A1A53} = {34143E6F-73BB-4EA4-AD37-F725D96FA9B0}
	EndGlobalSection
EndGlobal
